
Microsoft Visual Studio Solution File, Format Version 12.00
# Visual Studio Version 16
VisualStudioVersion = 16.0.30114.105
MinimumVisualStudioVersion = 10.0.40219.1
Project("{FAE04EC0-301F-11D3-BF4B-00C04F79EFBC}") = "PKFood", "PKFood.csproj", "{F562ABCD-60D5-4E3A-AD8C-505D4A51460F}"
EndProject
Project("{FAE04EC0-301F-11D3-BF4B-00C04F79EFBC}") = "PKFood.Core", "PKFood.Core\PKFood.Core.csproj", "{0555EC0D-64BC-4DA7-AD78-15687511B30D}"
EndProject
Project("{FAE04EC0-301F-11D3-BF4B-00C04F79EFBC}") = "PKFood.Data", "PKFood.Data\PKFood.Data.csproj", "{0FD54D5F-4BEC-41FB-9421-5FA74D5E9891}"
EndProject
Global
	GlobalSection(SolutionConfigurationPlatforms) = preSolution
		Debug|Any CPU = Debug|Any CPU
		Release|Any CPU = Release|Any CPU
	EndGlobalSection
	GlobalSection(ProjectConfigurationPlatforms) = postSolution
		{F562ABCD-60D5-4E3A-AD8C-505D4A51460F}.Debug|Any CPU.ActiveCfg = Debug|Any CPU
		{F562ABCD-60D5-4E3A-AD8C-505D4A51460F}.Debug|Any CPU.Build.0 = Debug|Any CPU
		{F562ABCD-60D5-4E3A-AD8C-505D4A51460F}.Release|Any CPU.ActiveCfg = Release|Any CPU
		{F562ABCD-60D5-4E3A-AD8C-505D4A51460F}.Release|Any CPU.Build.0 = Release|Any CPU
		{0555EC0D-64BC-4DA7-AD78-15687511B30D}.Debug|Any CPU.ActiveCfg = Debug|Any CPU
		{0555EC0D-64BC-4DA7-AD78-15687511B30D}.Debug|Any CPU.Build.0 = Debug|Any CPU
		{0555EC0D-64BC-4DA7-AD78-15687511B30D}.Release|Any CPU.ActiveCfg = Release|Any CPU
		{0555EC0D-64BC-4DA7-AD78-15687511B30D}.Release|Any CPU.Build.0 = Release|Any CPU
		{0FD54D5F-4BEC-41FB-9421-5FA74D5E9891}.Debug|Any CPU.ActiveCfg = Debug|Any CPU
		{0FD54D5F-4BEC-41FB-9421-5FA74D5E9891}.Debug|Any CPU.Build.0 = Debug|Any CPU
		{0FD54D5F-4BEC-41FB-9421-5FA74D5E9891}.Release|Any CPU.ActiveCfg = Release|Any CPU
		{0FD54D5F-4BEC-41FB-9421-5FA74D5E9891}.Release|Any CPU.Build.0 = Release|Any CPU
	EndGlobalSection
	GlobalSection(SolutionProperties) = preSolution
		HideSolutionNode = FALSE
	EndGlobalSection
	GlobalSection(ExtensibilityGlobals) = postSolution
		SolutionGuid = {A3B47C18-62BF-4963-902D-8786941900FA}
	EndGlobalSection
EndGlobal
